// !$*UTF8*$!
{
	archiveVersion = 1;
	classes = {
	};
	objectVersion = 51;
	objects = {

/* Begin PBXBuildFile section */
		8C0C8FD4A552DE58429F5930 /* Pods_iOSCodeAssignmentTests.framework in Frameworks */ = {isa = PBXBuildFile; fileRef = 8828836CDD0620DDDA613D34 /* Pods_iOSCodeAssignmentTests.framework */; };
		9A6488283CEC211FA6A385B9 /* Pods_iOSCodeAssignment.framework in Frameworks */ = {isa = PBXBuildFile; fileRef = D43CA0B622DE80DE27E8F27A /* Pods_iOSCodeAssignment.framework */; };
		B774F5CD256BAF7100DFC886 /* AppDelegate.swift in Sources */ = {isa = PBXBuildFile; fileRef = B774F5CC256BAF7100DFC886 /* AppDelegate.swift */; };
		B774F5D1256BAF7100DFC886 /* HomeScreenVC.swift in Sources */ = {isa = PBXBuildFile; fileRef = B774F5D0256BAF7100DFC886 /* HomeScreenVC.swift */; };
		B774F5D4256BAF7100DFC886 /* Main.storyboard in Resources */ = {isa = PBXBuildFile; fileRef = B774F5D2256BAF7100DFC886 /* Main.storyboard */; };
		B774F5D6256BAF7200DFC886 /* Assets.xcassets in Resources */ = {isa = PBXBuildFile; fileRef = B774F5D5256BAF7200DFC886 /* Assets.xcassets */; };
		B774F5D9256BAF7200DFC886 /* LaunchScreen.storyboard in Resources */ = {isa = PBXBuildFile; fileRef = B774F5D7256BAF7200DFC886 /* LaunchScreen.storyboard */; };
		B774F5E4256BAF7200DFC886 /* IOSCodeAssignmentTests.swift in Sources */ = {isa = PBXBuildFile; fileRef = B774F5E3256BAF7200DFC886 /* IOSCodeAssignmentTests.swift */; };
/* End PBXBuildFile section */

/* Begin PBXContainerItemProxy section */
		B774F5E0256BAF7200DFC886 /* PBXContainerItemProxy */ = {
			isa = PBXContainerItemProxy;
			containerPortal = B774F5C1256BAF7100DFC886 /* Project object */;
			proxyType = 1;
			remoteGlobalIDString = B774F5C8256BAF7100DFC886;
			remoteInfo = iOSCodeAssignment;
		};
/* End PBXContainerItemProxy section */

/* Begin PBXFileReference section */
		2C07DDE5C78C67035EC134D1 /* Pods-iOSCodeAssignment.release.xcconfig */ = {isa = PBXFileReference; includeInIndex = 1; lastKnownFileType = text.xcconfig; name = "Pods-iOSCodeAssignment.release.xcconfig"; path = "Target Support Files/Pods-iOSCodeAssignment/Pods-iOSCodeAssignment.release.xcconfig"; sourceTree = "<group>"; };
		8828836CDD0620DDDA613D34 /* Pods_iOSCodeAssignmentTests.framework */ = {isa = PBXFileReference; explicitFileType = wrapper.framework; includeInIndex = 0; path = Pods_iOSCodeAssignmentTests.framework; sourceTree = BUILT_PRODUCTS_DIR; };
		B774F5C9256BAF7100DFC886 /* iOSCodeAssignment.app */ = {isa = PBXFileReference; explicitFileType = wrapper.application; includeInIndex = 0; path = iOSCodeAssignment.app; sourceTree = BUILT_PRODUCTS_DIR; };
		B774F5CC256BAF7100DFC886 /* AppDelegate.swift */ = {isa = PBXFileReference; lastKnownFileType = sourcecode.swift; path = AppDelegate.swift; sourceTree = "<group>"; };
		B774F5D0256BAF7100DFC886 /* HomeScreenVC.swift */ = {isa = PBXFileReference; lastKnownFileType = sourcecode.swift; path = HomeScreenVC.swift; sourceTree = "<group>"; };
		B774F5D3256BAF7100DFC886 /* Base */ = {isa = PBXFileReference; lastKnownFileType = file.storyboard; name = Base; path = Base.lproj/Main.storyboard; sourceTree = "<group>"; };
		B774F5D5256BAF7200DFC886 /* Assets.xcassets */ = {isa = PBXFileReference; lastKnownFileType = folder.assetcatalog; path = Assets.xcassets; sourceTree = "<group>"; };
		B774F5D8256BAF7200DFC886 /* Base */ = {isa = PBXFileReference; lastKnownFileType = file.storyboard; name = Base; path = Base.lproj/LaunchScreen.storyboard; sourceTree = "<group>"; };
		B774F5DA256BAF7200DFC886 /* Info.plist */ = {isa = PBXFileReference; lastKnownFileType = text.plist.xml; path = Info.plist; sourceTree = "<group>"; };
		B774F5DF256BAF7200DFC886 /* iOSCodeAssignmentTests.xctest */ = {isa = PBXFileReference; explicitFileType = wrapper.cfbundle; includeInIndex = 0; path = iOSCodeAssignmentTests.xctest; sourceTree = BUILT_PRODUCTS_DIR; };
		B774F5E3256BAF7200DFC886 /* IOSCodeAssignmentTests.swift */ = {isa = PBXFileReference; lastKnownFileType = sourcecode.swift; path = IOSCodeAssignmentTests.swift; sourceTree = "<group>"; };
		B774F5E5256BAF7200DFC886 /* Info.plist */ = {isa = PBXFileReference; lastKnownFileType = text.plist.xml; path = Info.plist; sourceTree = "<group>"; };
		D43CA0B622DE80DE27E8F27A /* Pods_iOSCodeAssignment.framework */ = {isa = PBXFileReference; explicitFileType = wrapper.framework; includeInIndex = 0; path = Pods_iOSCodeAssignment.framework; sourceTree = BUILT_PRODUCTS_DIR; };
		E5785C22D633B120A36E391C /* Pods-iOSCodeAssignmentTests.release.xcconfig */ = {isa = PBXFileReference; includeInIndex = 1; lastKnownFileType = text.xcconfig; name = "Pods-iOSCodeAssignmentTests.release.xcconfig"; path = "Target Support Files/Pods-iOSCodeAssignmentTests/Pods-iOSCodeAssignmentTests.release.xcconfig"; sourceTree = "<group>"; };
		E9D974C0B76C133C94EA7A95 /* Pods-iOSCodeAssignment.debug.xcconfig */ = {isa = PBXFileReference; includeInIndex = 1; lastKnownFileType = text.xcconfig; name = "Pods-iOSCodeAssignment.debug.xcconfig"; path = "Target Support Files/Pods-iOSCodeAssignment/Pods-iOSCodeAssignment.debug.xcconfig"; sourceTree = "<group>"; };
		F84FC555E603373FE1370045 /* Pods-iOSCodeAssignmentTests.debug.xcconfig */ = {isa = PBXFileReference; includeInIndex = 1; lastKnownFileType = text.xcconfig; name = "Pods-iOSCodeAssignmentTests.debug.xcconfig"; path = "Target Support Files/Pods-iOSCodeAssignmentTests/Pods-iOSCodeAssignmentTests.debug.xcconfig"; sourceTree = "<group>"; };
/* End PBXFileReference section */

/* Begin PBXFrameworksBuildPhase section */
		B774F5C6256BAF7100DFC886 /* Frameworks */ = {
			isa = PBXFrameworksBuildPhase;
			buildActionMask = 2147483647;
			files = (
				9A6488283CEC211FA6A385B9 /* Pods_iOSCodeAssignment.framework in Frameworks */,
			);
			runOnlyForDeploymentPostprocessing = 0;
		};
		B774F5DC256BAF7200DFC886 /* Frameworks */ = {
			isa = PBXFrameworksBuildPhase;
			buildActionMask = 2147483647;
			files = (
				8C0C8FD4A552DE58429F5930 /* Pods_iOSCodeAssignmentTests.framework in Frameworks */,
			);
			runOnlyForDeploymentPostprocessing = 0;
		};
/* End PBXFrameworksBuildPhase section */

/* Begin PBXGroup section */
		74E301726DF9FC1C0BFC69A6 /* Frameworks */ = {
			isa = PBXGroup;
			children = (
				D43CA0B622DE80DE27E8F27A /* Pods_iOSCodeAssignment.framework */,
				8828836CDD0620DDDA613D34 /* Pods_iOSCodeAssignmentTests.framework */,
			);
			name = Frameworks;
			sourceTree = "<group>";
		};
		75AAE479B700DD7EB6466A2F /* Pods */ = {
			isa = PBXGroup;
			children = (
				E9D974C0B76C133C94EA7A95 /* Pods-iOSCodeAssignment.debug.xcconfig */,
				2C07DDE5C78C67035EC134D1 /* Pods-iOSCodeAssignment.release.xcconfig */,
				F84FC555E603373FE1370045 /* Pods-iOSCodeAssignmentTests.debug.xcconfig */,
				E5785C22D633B120A36E391C /* Pods-iOSCodeAssignmentTests.release.xcconfig */,
			);
			path = Pods;
			sourceTree = "<group>";
		};
		B774F5C0256BAF7100DFC886 = {
			isa = PBXGroup;
			children = (
				B774F5CB256BAF7100DFC886 /* iOSCodeAssignment */,
				B774F5E2256BAF7200DFC886 /* iOSCodeAssignmentTests */,
				B774F5CA256BAF7100DFC886 /* Products */,
				75AAE479B700DD7EB6466A2F /* Pods */,
				74E301726DF9FC1C0BFC69A6 /* Frameworks */,
			);
			sourceTree = "<group>";
		};
		B774F5CA256BAF7100DFC886 /* Products */ = {
			isa = PBXGroup;
			children = (
				B774F5C9256BAF7100DFC886 /* iOSCodeAssignment.app */,
				B774F5DF256BAF7200DFC886 /* iOSCodeAssignmentTests.xctest */,
			);
			name = Products;
			sourceTree = "<group>";
		};
		B774F5CB256BAF7100DFC886 /* iOSCodeAssignment */ = {
			isa = PBXGroup;
			children = (
				B774F5CC256BAF7100DFC886 /* AppDelegate.swift */,
				B774F614256BB1C300DFC886 /* Screens */,
				B774F60F256BB16700DFC886 /* Resources */,
			);
			path = iOSCodeAssignment;
			sourceTree = "<group>";
		};
		B774F5E2256BAF7200DFC886 /* iOSCodeAssignmentTests */ = {
			isa = PBXGroup;
			children = (
				B774F5E3256BAF7200DFC886 /* IOSCodeAssignmentTests.swift */,
				B774F5E5256BAF7200DFC886 /* Info.plist */,
			);
			path = iOSCodeAssignmentTests;
			sourceTree = "<group>";
		};
		B774F60F256BB16700DFC886 /* Resources */ = {
			isa = PBXGroup;
			children = (
				B774F5D5256BAF7200DFC886 /* Assets.xcassets */,
				B774F5D7256BAF7200DFC886 /* LaunchScreen.storyboard */,
				B774F5DA256BAF7200DFC886 /* Info.plist */,
			);
			path = Resources;
			sourceTree = "<group>";
		};
		B774F614256BB1C300DFC886 /* Screens */ = {
			isa = PBXGroup;
			children = (
				B774F5D2256BAF7100DFC886 /* Main.storyboard */,
				B774F5D0256BAF7100DFC886 /* HomeScreenVC.swift */,
			);
			path = Screens;
			sourceTree = "<group>";
		};
/* End PBXGroup section */

/* Begin PBXNativeTarget section */
		B774F5C8256BAF7100DFC886 /* iOSCodeAssignment */ = {
			isa = PBXNativeTarget;
			buildConfigurationList = B774F5F3256BAF7200DFC886 /* Build configuration list for PBXNativeTarget "iOSCodeAssignment" */;
			buildPhases = (
				BA483A45C9CD1956561899BE /* [CP] Check Pods Manifest.lock */,
				B774F5C5256BAF7100DFC886 /* Sources */,
				B7B14D62256BB62A00234DDE /* SwLinter */,
				B774F5C6256BAF7100DFC886 /* Frameworks */,
				B774F5C7256BAF7100DFC886 /* Resources */,
				2E67E43CBECFAED56E8A99BE /* [CP] Embed Pods Frameworks */,
			);
			buildRules = (
			);
			dependencies = (
			);
			name = iOSCodeAssignment;
			productName = iOSCodeAssignment;
			productReference = B774F5C9256BAF7100DFC886 /* iOSCodeAssignment.app */;
			productType = "com.apple.product-type.application";
		};
		B774F5DE256BAF7200DFC886 /* iOSCodeAssignmentTests */ = {
			isa = PBXNativeTarget;
			buildConfigurationList = B774F5F6256BAF7200DFC886 /* Build configuration list for PBXNativeTarget "iOSCodeAssignmentTests" */;
			buildPhases = (
				E10BF49D8F81591248EBA8B5 /* [CP] Check Pods Manifest.lock */,
				B774F5DB256BAF7200DFC886 /* Sources */,
				B774F5DC256BAF7200DFC886 /* Frameworks */,
				B774F5DD256BAF7200DFC886 /* Resources */,
				C5F9AD3D112467685DC92755 /* [CP] Embed Pods Frameworks */,
			);
			buildRules = (
			);
			dependencies = (
				B774F5E1256BAF7200DFC886 /* PBXTargetDependency */,
			);
			name = iOSCodeAssignmentTests;
			productName = iOSCodeAssignmentTests;
			productReference = B774F5DF256BAF7200DFC886 /* iOSCodeAssignmentTests.xctest */;
			productType = "com.apple.product-type.bundle.unit-test";
		};
/* End PBXNativeTarget section */

/* Begin PBXProject section */
		B774F5C1256BAF7100DFC886 /* Project object */ = {
			isa = PBXProject;
			attributes = {
				LastSwiftUpdateCheck = 1210;
				LastUpgradeCheck = 1210;
				TargetAttributes = {
					B774F5C8256BAF7100DFC886 = {
						CreatedOnToolsVersion = 12.1;
					};
					B774F5DE256BAF7200DFC886 = {
						CreatedOnToolsVersion = 12.1;
						TestTargetID = B774F5C8256BAF7100DFC886;
					};
				};
			};
			buildConfigurationList = B774F5C4256BAF7100DFC886 /* Build configuration list for PBXProject "iOSCodeAssignment" */;
			compatibilityVersion = "Xcode 9.3";
			developmentRegion = en;
			hasScannedForEncodings = 0;
			knownRegions = (
				en,
				Base,
			);
			mainGroup = B774F5C0256BAF7100DFC886;
			productRefGroup = B774F5CA256BAF7100DFC886 /* Products */;
			projectDirPath = "";
			projectRoot = "";
			targets = (
				B774F5C8256BAF7100DFC886 /* iOSCodeAssignment */,
				B774F5DE256BAF7200DFC886 /* iOSCodeAssignmentTests */,
			);
		};
/* End PBXProject section */

/* Begin PBXResourcesBuildPhase section */
		B774F5C7256BAF7100DFC886 /* Resources */ = {
			isa = PBXResourcesBuildPhase;
			buildActionMask = 2147483647;
			files = (
				B774F5D9256BAF7200DFC886 /* LaunchScreen.storyboard in Resources */,
				B774F5D6256BAF7200DFC886 /* Assets.xcassets in Resources */,
				B774F5D4256BAF7100DFC886 /* Main.storyboard in Resources */,
			);
			runOnlyForDeploymentPostprocessing = 0;
		};
		B774F5DD256BAF7200DFC886 /* Resources */ = {
			isa = PBXResourcesBuildPhase;
			buildActionMask = 2147483647;
			files = (
			);
			runOnlyForDeploymentPostprocessing = 0;
		};
/* End PBXResourcesBuildPhase section */

/* Begin PBXShellScriptBuildPhase section */
		2E67E43CBECFAED56E8A99BE /* [CP] Embed Pods Frameworks */ = {
			isa = PBXShellScriptBuildPhase;
			buildActionMask = 2147483647;
			files = (
			);
			inputFileListPaths = (
				"${PODS_ROOT}/Target Support Files/Pods-iOSCodeAssignment/Pods-iOSCodeAssignment-frameworks-${CONFIGURATION}-input-files.xcfilelist",
			);
			name = "[CP] Embed Pods Frameworks";
			outputFileListPaths = (
				"${PODS_ROOT}/Target Support Files/Pods-iOSCodeAssignment/Pods-iOSCodeAssignment-frameworks-${CONFIGURATION}-output-files.xcfilelist",
			);
			runOnlyForDeploymentPostprocessing = 0;
			shellPath = /bin/sh;
			shellScript = "\"${PODS_ROOT}/Target Support Files/Pods-iOSCodeAssignment/Pods-iOSCodeAssignment-frameworks.sh\"\n";
			showEnvVarsInLog = 0;
		};
		B7B14D62256BB62A00234DDE /* SwLinter */ = {
			isa = PBXShellScriptBuildPhase;
			buildActionMask = 2147483647;
			files = (
			);
			inputFileListPaths = (
			);
			inputPaths = (
			);
			name = SwLinter;
			outputFileListPaths = (
			);
			outputPaths = (
			);
			runOnlyForDeploymentPostprocessing = 0;
			shellPath = /bin/sh;
			shellScript = "# Type a script or drag a script file from your workspace to insert its path.\n\"${PODS_ROOT}/SwiftLint/swiftlint\"\n";
		};
		BA483A45C9CD1956561899BE /* [CP] Check Pods Manifest.lock */ = {
			isa = PBXShellScriptBuildPhase;
			buildActionMask = 2147483647;
			files = (
			);
			inputFileListPaths = (
			);
			inputPaths = (
				"${PODS_PODFILE_DIR_PATH}/Podfile.lock",
				"${PODS_ROOT}/Manifest.lock",
			);
			name = "[CP] Check Pods Manifest.lock";
			outputFileListPaths = (
			);
			outputPaths = (
				"$(DERIVED_FILE_DIR)/Pods-iOSCodeAssignment-checkManifestLockResult.txt",
			);
			runOnlyForDeploymentPostprocessing = 0;
			shellPath = /bin/sh;
			shellScript = "diff \"${PODS_PODFILE_DIR_PATH}/Podfile.lock\" \"${PODS_ROOT}/Manifest.lock\" > /dev/null\nif [ $? != 0 ] ; then\n    # print error to STDERR\n    echo \"error: The sandbox is not in sync with the Podfile.lock. Run 'pod install' or update your CocoaPods installation.\" >&2\n    exit 1\nfi\n# This output is used by Xcode 'outputs' to avoid re-running this script phase.\necho \"SUCCESS\" > \"${SCRIPT_OUTPUT_FILE_0}\"\n";
			showEnvVarsInLog = 0;
		};
		C5F9AD3D112467685DC92755 /* [CP] Embed Pods Frameworks */ = {
			isa = PBXShellScriptBuildPhase;
			buildActionMask = 2147483647;
			files = (
			);
			inputFileListPaths = (
				"${PODS_ROOT}/Target Support Files/Pods-iOSCodeAssignmentTests/Pods-iOSCodeAssignmentTests-frameworks-${CONFIGURATION}-input-files.xcfilelist",
			);
			name = "[CP] Embed Pods Frameworks";
			outputFileListPaths = (
				"${PODS_ROOT}/Target Support Files/Pods-iOSCodeAssignmentTests/Pods-iOSCodeAssignmentTests-frameworks-${CONFIGURATION}-output-files.xcfilelist",
			);
			runOnlyForDeploymentPostprocessing = 0;
			shellPath = /bin/sh;
			shellScript = "\"${PODS_ROOT}/Target Support Files/Pods-iOSCodeAssignmentTests/Pods-iOSCodeAssignmentTests-frameworks.sh\"\n";
			showEnvVarsInLog = 0;
		};
		E10BF49D8F81591248EBA8B5 /* [CP] Check Pods Manifest.lock */ = {
			isa = PBXShellScriptBuildPhase;
			buildActionMask = 2147483647;
			files = (
			);
			inputFileListPaths = (
			);
			inputPaths = (
				"${PODS_PODFILE_DIR_PATH}/Podfile.lock",
				"${PODS_ROOT}/Manifest.lock",
			);
			name = "[CP] Check Pods Manifest.lock";
			outputFileListPaths = (
			);
			outputPaths = (
				"$(DERIVED_FILE_DIR)/Pods-iOSCodeAssignmentTests-checkManifestLockResult.txt",
			);
			runOnlyForDeploymentPostprocessing = 0;
			shellPath = /bin/sh;
			shellScript = "diff \"${PODS_PODFILE_DIR_PATH}/Podfile.lock\" \"${PODS_ROOT}/Manifest.lock\" > /dev/null\nif [ $? != 0 ] ; then\n    # print error to STDERR\n    echo \"error: The sandbox is not in sync with the Podfile.lock. Run 'pod install' or update your CocoaPods installation.\" >&2\n    exit 1\nfi\n# This output is used by Xcode 'outputs' to avoid re-running this script phase.\necho \"SUCCESS\" > \"${SCRIPT_OUTPUT_FILE_0}\"\n";
			showEnvVarsInLog = 0;
		};
/* End PBXShellScriptBuildPhase section */

/* Begin PBXSourcesBuildPhase section */
		B774F5C5256BAF7100DFC886 /* Sources */ = {
			isa = PBXSourcesBuildPhase;
			buildActionMask = 2147483647;
			files = (
				B774F5D1256BAF7100DFC886 /* HomeScreenVC.swift in Sources */,
				B774F5CD256BAF7100DFC886 /* AppDelegate.swift in Sources */,
			);
			runOnlyForDeploymentPostprocessing = 0;
		};
		B774F5DB256BAF7200DFC886 /* Sources */ = {
			isa = PBXSourcesBuildPhase;
			buildActionMask = 2147483647;
			files = (
				B774F5E4256BAF7200DFC886 /* IOSCodeAssignmentTests.swift in Sources */,
			);
			runOnlyForDeploymentPostprocessing = 0;
		};
/* End PBXSourcesBuildPhase section */

/* Begin PBXTargetDependency section */
		B774F5E1256BAF7200DFC886 /* PBXTargetDependency */ = {
			isa = PBXTargetDependency;
			target = B774F5C8256BAF7100DFC886 /* iOSCodeAssignment */;
			targetProxy = B774F5E0256BAF7200DFC886 /* PBXContainerItemProxy */;
		};
/* End PBXTargetDependency section */

/* Begin PBXVariantGroup section */
		B774F5D2256BAF7100DFC886 /* Main.storyboard */ = {
			isa = PBXVariantGroup;
			children = (
				B774F5D3256BAF7100DFC886 /* Base */,
			);
			name = Main.storyboard;
			sourceTree = "<group>";
		};
		B774F5D7256BAF7200DFC886 /* LaunchScreen.storyboard */ = {
			isa = PBXVariantGroup;
			children = (
				B774F5D8256BAF7200DFC886 /* Base */,
			);
			name = LaunchScreen.storyboard;
			sourceTree = "<group>";
		};
/* End PBXVariantGroup section */

/* Begin XCBuildConfiguration section */
		B774F5F1256BAF7200DFC886 /* Debug */ = {
			isa = XCBuildConfiguration;
			buildSettings = {
				ALWAYS_SEARCH_USER_PATHS = NO;
				CLANG_ANALYZER_NONNULL = YES;
				CLANG_ANALYZER_NUMBER_OBJECT_CONVERSION = YES_AGGRESSIVE;
				CLANG_CXX_LANGUAGE_STANDARD = "gnu++14";
				CLANG_CXX_LIBRARY = "libc++";
				CLANG_ENABLE_MODULES = YES;
				CLANG_ENABLE_OBJC_ARC = YES;
				CLANG_ENABLE_OBJC_WEAK = YES;
				CLANG_WARN_BLOCK_CAPTURE_AUTORELEASING = YES;
				CLANG_WARN_BOOL_CONVERSION = YES;
				CLANG_WARN_COMMA = YES;
				CLANG_WARN_CONSTANT_CONVERSION = YES;
				CLANG_WARN_DEPRECATED_OBJC_IMPLEMENTATIONS = YES;
				CLANG_WARN_DIRECT_OBJC_ISA_USAGE = YES_ERROR;
				CLANG_WARN_DOCUMENTATION_COMMENTS = YES;
				CLANG_WARN_EMPTY_BODY = YES;
				CLANG_WARN_ENUM_CONVERSION = YES;
				CLANG_WARN_INFINITE_RECURSION = YES;
				CLANG_WARN_INT_CONVERSION = YES;
				CLANG_WARN_NON_LITERAL_NULL_CONVERSION = YES;
				CLANG_WARN_OBJC_IMPLICIT_RETAIN_SELF = YES;
				CLANG_WARN_OBJC_LITERAL_CONVERSION = YES;
				CLANG_WARN_OBJC_ROOT_CLASS = YES_ERROR;
				CLANG_WARN_QUOTED_INCLUDE_IN_FRAMEWORK_HEADER = YES;
				CLANG_WARN_RANGE_LOOP_ANALYSIS = YES;
				CLANG_WARN_STRICT_PROTOTYPES = YES;
				CLANG_WARN_SUSPICIOUS_MOVE = YES;
				CLANG_WARN_UNGUARDED_AVAILABILITY = YES_AGGRESSIVE;
				CLANG_WARN_UNREACHABLE_CODE = YES;
				CLANG_WARN__DUPLICATE_METHOD_MATCH = YES;
				COPY_PHASE_STRIP = NO;
				DEBUG_INFORMATION_FORMAT = dwarf;
				ENABLE_STRICT_OBJC_MSGSEND = YES;
				ENABLE_TESTABILITY = YES;
				GCC_C_LANGUAGE_STANDARD = gnu11;
				GCC_DYNAMIC_NO_PIC = NO;
				GCC_NO_COMMON_BLOCKS = YES;
				GCC_OPTIMIZATION_LEVEL = 0;
				GCC_PREPROCESSOR_DEFINITIONS = (
					"DEBUG=1",
					"$(inherited)",
				);
				GCC_WARN_64_TO_32_BIT_CONVERSION = YES;
				GCC_WARN_ABOUT_RETURN_TYPE = YES_ERROR;
				GCC_WARN_UNDECLARED_SELECTOR = YES;
				GCC_WARN_UNINITIALIZED_AUTOS = YES_AGGRESSIVE;
				GCC_WARN_UNUSED_FUNCTION = YES;
				GCC_WARN_UNUSED_VARIABLE = YES;
				IPHONEOS_DEPLOYMENT_TARGET = 11.0;
				MTL_ENABLE_DEBUG_INFO = INCLUDE_SOURCE;
				MTL_FAST_MATH = YES;
				ONLY_ACTIVE_ARCH = YES;
				SDKROOT = iphoneos;
				SWIFT_ACTIVE_COMPILATION_CONDITIONS = DEBUG;
				SWIFT_OPTIMIZATION_LEVEL = "-Onone";
			};
			name = Debug;
		};
		B774F5F2256BAF7200DFC886 /* Release */ = {
			isa = XCBuildConfiguration;
			buildSettings = {
				ALWAYS_SEARCH_USER_PATHS = NO;
				CLANG_ANALYZER_NONNULL = YES;
				CLANG_ANALYZER_NUMBER_OBJECT_CONVERSION = YES_AGGRESSIVE;
				CLANG_CXX_LANGUAGE_STANDARD = "gnu++14";
				CLANG_CXX_LIBRARY = "libc++";
				CLANG_ENABLE_MODULES = YES;
				CLANG_ENABLE_OBJC_ARC = YES;
				CLANG_ENABLE_OBJC_WEAK = YES;
				CLANG_WARN_BLOCK_CAPTURE_AUTORELEASING = YES;
				CLANG_WARN_BOOL_CONVERSION = YES;
				CLANG_WARN_COMMA = YES;
				CLANG_WARN_CONSTANT_CONVERSION = YES;
				CLANG_WARN_DEPRECATED_OBJC_IMPLEMENTATIONS = YES;
				CLANG_WARN_DIRECT_OBJC_ISA_USAGE = YES_ERROR;
				CLANG_WARN_DOCUMENTATION_COMMENTS = YES;
				CLANG_WARN_EMPTY_BODY = YES;
				CLANG_WARN_ENUM_CONVERSION = YES;
				CLANG_WARN_INFINITE_RECURSION = YES;
				CLANG_WARN_INT_CONVERSION = YES;
				CLANG_WARN_NON_LITERAL_NULL_CONVERSION = YES;
				CLANG_WARN_OBJC_IMPLICIT_RETAIN_SELF = YES;
				CLANG_WARN_OBJC_LITERAL_CONVERSION = YES;
				CLANG_WARN_OBJC_ROOT_CLASS = YES_ERROR;
				CLANG_WARN_QUOTED_INCLUDE_IN_FRAMEWORK_HEADER = YES;
				CLANG_WARN_RANGE_LOOP_ANALYSIS = YES;
				CLANG_WARN_STRICT_PROTOTYPES = YES;
				CLANG_WARN_SUSPICIOUS_MOVE = YES;
				CLANG_WARN_UNGUARDED_AVAILABILITY = YES_AGGRESSIVE;
				CLANG_WARN_UNREACHABLE_CODE = YES;
				CLANG_WARN__DUPLICATE_METHOD_MATCH = YES;
				COPY_PHASE_STRIP = NO;
				DEBUG_INFORMATION_FORMAT = "dwarf-with-dsym";
				ENABLE_NS_ASSERTIONS = NO;
				ENABLE_STRICT_OBJC_MSGSEND = YES;
				GCC_C_LANGUAGE_STANDARD = gnu11;
				GCC_NO_COMMON_BLOCKS = YES;
				GCC_WARN_64_TO_32_BIT_CONVERSION = YES;
				GCC_WARN_ABOUT_RETURN_TYPE = YES_ERROR;
				GCC_WARN_UNDECLARED_SELECTOR = YES;
				GCC_WARN_UNINITIALIZED_AUTOS = YES_AGGRESSIVE;
				GCC_WARN_UNUSED_FUNCTION = YES;
				GCC_WARN_UNUSED_VARIABLE = YES;
				IPHONEOS_DEPLOYMENT_TARGET = 11.0;
				MTL_ENABLE_DEBUG_INFO = NO;
				MTL_FAST_MATH = YES;
				SDKROOT = iphoneos;
				SWIFT_COMPILATION_MODE = wholemodule;
				SWIFT_OPTIMIZATION_LEVEL = "-O";
				VALIDATE_PRODUCT = YES;
			};
			name = Release;
		};
		B774F5F4256BAF7200DFC886 /* Debug */ = {
			isa = XCBuildConfiguration;
			baseConfigurationReference = E9D974C0B76C133C94EA7A95 /* Pods-iOSCodeAssignment.debug.xcconfig */;
			buildSettings = {
				ASSETCATALOG_COMPILER_APPICON_NAME = AppIcon;
				ASSETCATALOG_COMPILER_GLOBAL_ACCENT_COLOR_NAME = AccentColor;
				CODE_SIGN_STYLE = Automatic;
				DEVELOPMENT_TEAM = XZ546H35NP;
				INFOPLIST_FILE = iOSCodeAssignment/Resources/Info.plist;
				IPHONEOS_DEPLOYMENT_TARGET = 11.0;
				LD_RUNPATH_SEARCH_PATHS = (
					"$(inherited)",
					"@executable_path/Frameworks",
				);
				MARKETING_VERSION = 0.0.1;
				PRODUCT_BUNDLE_IDENTIFIER = com.emelyanov.iOSCodeAssignment;
				PRODUCT_NAME = "$(TARGET_NAME)";
				SWIFT_VERSION = 5.0;
				TARGETED_DEVICE_FAMILY = "1,2";
			};
			name = Debug;
		};
		B774F5F5256BAF7200DFC886 /* Release */ = {
			isa = XCBuildConfiguration;
			baseConfigurationReference = 2C07DDE5C78C67035EC134D1 /* Pods-iOSCodeAssignment.release.xcconfig */;
			buildSettings = {
				ASSETCATALOG_COMPILER_APPICON_NAME = AppIcon;
				ASSETCATALOG_COMPILER_GLOBAL_ACCENT_COLOR_NAME = AccentColor;
				CODE_SIGN_STYLE = Automatic;
				DEVELOPMENT_TEAM = XZ546H35NP;
				INFOPLIST_FILE = iOSCodeAssignment/Resources/Info.plist;
				IPHONEOS_DEPLOYMENT_TARGET = 11.0;
				LD_RUNPATH_SEARCH_PATHS = (
					"$(inherited)",
					"@executable_path/Frameworks",
				);
				MARKETING_VERSION = 0.0.1;
				PRODUCT_BUNDLE_IDENTIFIER = com.emelyanov.iOSCodeAssignment;
				PRODUCT_NAME = "$(TARGET_NAME)";
				SWIFT_VERSION = 5.0;
				TARGETED_DEVICE_FAMILY = "1,2";
			};
			name = Release;
		};
		B774F5F7256BAF7200DFC886 /* Debug */ = {
			isa = XCBuildConfiguration;
			baseConfigurationReference = F84FC555E603373FE1370045 /* Pods-iOSCodeAssignmentTests.debug.xcconfig */;
			buildSettings = {
				ALWAYS_EMBED_SWIFT_STANDARD_LIBRARIES = YES;
				BUNDLE_LOADER = "$(TEST_HOST)";
				CODE_SIGN_STYLE = Automatic;
				DEVELOPMENT_TEAM = XZ546H35NP;
				INFOPLIST_FILE = iOSCodeAssignmentTests/Info.plist;
				IPHONEOS_DEPLOYMENT_TARGET = 14.1;
				LD_RUNPATH_SEARCH_PATHS = (
					"$(inherited)",
					"@executable_path/Frameworks",
					"@loader_path/Frameworks",
				);
				PRODUCT_BUNDLE_IDENTIFIER = com.emelyanov.iOSCodeAssignmentTests;
				PRODUCT_NAME = "$(TARGET_NAME)";
				SWIFT_VERSION = 5.0;
				TARGETED_DEVICE_FAMILY = "1,2";
				TEST_HOST = "$(BUILT_PRODUCTS_DIR)/iOSCodeAssignment.app/iOSCodeAssignment";
			};
			name = Debug;
		};
		B774F5F8256BAF7200DFC886 /* Release */ = {
			isa = XCBuildConfiguration;
			baseConfigurationReference = E5785C22D633B120A36E391C /* Pods-iOSCodeAssignmentTests.release.xcconfig */;
			buildSettings = {
				ALWAYS_EMBED_SWIFT_STANDARD_LIBRARIES = YES;
				BUNDLE_LOADER = "$(TEST_HOST)";
				CODE_SIGN_STYLE = Automatic;
				DEVELOPMENT_TEAM = XZ546H35NP;
				INFOPLIST_FILE = iOSCodeAssignmentTests/Info.plist;
				IPHONEOS_DEPLOYMENT_TARGET = 14.1;
				LD_RUNPATH_SEARCH_PATHS = (
					"$(inherited)",
					"@executable_path/Frameworks",
					"@loader_path/Frameworks",
				);
				PRODUCT_BUNDLE_IDENTIFIER = com.emelyanov.iOSCodeAssignmentTests;
				PRODUCT_NAME = "$(TARGET_NAME)";
				SWIFT_VERSION = 5.0;
				TARGETED_DEVICE_FAMILY = "1,2";
				TEST_HOST = "$(BUILT_PRODUCTS_DIR)/iOSCodeAssignment.app/iOSCodeAssignment";
			};
			name = Release;
		};
/* End XCBuildConfiguration section */

/* Begin XCConfigurationList section */
		B774F5C4256BAF7100DFC886 /* Build configuration list for PBXProject "iOSCodeAssignment" */ = {
			isa = XCConfigurationList;
			buildConfigurations = (
				B774F5F1256BAF7200DFC886 /* Debug */,
				B774F5F2256BAF7200DFC886 /* Release */,
			);
			defaultConfigurationIsVisible = 0;
			defaultConfigurationName = Release;
		};
		B774F5F3256BAF7200DFC886 /* Build configuration list for PBXNativeTarget "iOSCodeAssignment" */ = {
			isa = XCConfigurationList;
			buildConfigurations = (
				B774F5F4256BAF7200DFC886 /* Debug */,
				B774F5F5256BAF7200DFC886 /* Release */,
			);
			defaultConfigurationIsVisible = 0;
			defaultConfigurationName = Release;
		};
		B774F5F6256BAF7200DFC886 /* Build configuration list for PBXNativeTarget "iOSCodeAssignmentTests" */ = {
			isa = XCConfigurationList;
			buildConfigurations = (
				B774F5F7256BAF7200DFC886 /* Debug */,
				B774F5F8256BAF7200DFC886 /* Release */,
			);
			defaultConfigurationIsVisible = 0;
			defaultConfigurationName = Release;
		};
/* End XCConfigurationList section */
	};
	rootObject = B774F5C1256BAF7100DFC886 /* Project object */;
}
